
Microsoft Visual Studio Solution File, Format Version 12.00
# Visual Studio 15
VisualStudioVersion = 15.0.26730.12
MinimumVisualStudioVersion = 10.0.40219.1
Project("{FAE04EC0-301F-11D3-BF4B-00C04F79EFBC}") = "Scraper", "Scraper\Scraper.csproj", "{CD77856C-47C2-4AA2-A27A-1F9C90A4E435}"
EndProject
Project("{FAE04EC0-301F-11D3-BF4B-00C04F79EFBC}") = "Scraper.Data", "Scraper.Data\Scraper.Data.csproj", "{1742A086-8EFB-447A-84F1-6AA49C41F7F3}"
EndProject
Global
	GlobalSection(SolutionConfigurationPlatforms) = preSolution
		Debug|Any CPU = Debug|Any CPU
		Release|Any CPU = Release|Any CPU
	EndGlobalSection
	GlobalSection(ProjectConfigurationPlatforms) = postSolution
		{CD77856C-47C2-4AA2-A27A-1F9C90A4E435}.Debug|Any CPU.ActiveCfg = Debug|Any CPU
		{CD77856C-47C2-4AA2-A27A-1F9C90A4E435}.Debug|Any CPU.Build.0 = Debug|Any CPU
		{CD77856C-47C2-4AA2-A27A-1F9C90A4E435}.Release|Any CPU.ActiveCfg = Release|Any CPU
		{CD77856C-47C2-4AA2-A27A-1F9C90A4E435}.Release|Any CPU.Build.0 = Release|Any CPU
		{1742A086-8EFB-447A-84F1-6AA49C41F7F3}.Debug|Any CPU.ActiveCfg = Debug|Any CPU
		{1742A086-8EFB-447A-84F1-6AA49C41F7F3}.Debug|Any CPU.Build.0 = Debug|Any CPU
		{1742A086-8EFB-447A-84F1-6AA49C41F7F3}.Release|Any CPU.ActiveCfg = Release|Any CPU
		{1742A086-8EFB-447A-84F1-6AA49C41F7F3}.Release|Any CPU.Build.0 = Release|Any CPU
	EndGlobalSection
	GlobalSection(SolutionProperties) = preSolution
		HideSolutionNode = FALSE
	EndGlobalSection
	GlobalSection(ExtensibilityGlobals) = postSolution
		SolutionGuid = {26EBD033-DE69-4BDE-830F-0ED17A4922C6}
	EndGlobalSection
EndGlobal
